// !$*UTF8*$!
{
	archiveVersion = 1;
	classes = {
	};
	objectVersion = 46;
	objects = {

/* Begin PBXBuildFile section */
		78A3865F1CCDFE0500FCF4C0 /* AppDelegate.swift in Sources */ = {isa = PBXBuildFile; fileRef = 78A3865E1CCDFE0500FCF4C0 /* AppDelegate.swift */; };
		78A386611CCDFE0500FCF4C0 /* ViewController.swift in Sources */ = {isa = PBXBuildFile; fileRef = 78A386601CCDFE0500FCF4C0 /* ViewController.swift */; };
		78A386641CCDFE0500FCF4C0 /* Main.storyboard in Resources */ = {isa = PBXBuildFile; fileRef = 78A386621CCDFE0500FCF4C0 /* Main.storyboard */; };
		78A386661CCDFE0500FCF4C0 /* Assets.xcassets in Resources */ = {isa = PBXBuildFile; fileRef = 78A386651CCDFE0500FCF4C0 /* Assets.xcassets */; };
		78A386691CCDFE0500FCF4C0 /* LaunchScreen.storyboard in Resources */ = {isa = PBXBuildFile; fileRef = 78A386671CCDFE0500FCF4C0 /* LaunchScreen.storyboard */; };
		78A386741CCDFE0500FCF4C0 /* ARDWMTests.swift in Sources */ = {isa = PBXBuildFile; fileRef = 78A386731CCDFE0500FCF4C0 /* ARDWMTests.swift */; };
		78A3867F1CCDFE0500FCF4C0 /* ARDWMUITests.swift in Sources */ = {isa = PBXBuildFile; fileRef = 78A3867E1CCDFE0500FCF4C0 /* ARDWMUITests.swift */; };
/* End PBXBuildFile section */

/* Begin PBXContainerItemProxy section */
		78A386701CCDFE0500FCF4C0 /* PBXContainerItemProxy */ = {
			isa = PBXContainerItemProxy;
			containerPortal = 78A386531CCDFE0500FCF4C0 /* Project object */;
			proxyType = 1;
			remoteGlobalIDString = 78A3865A1CCDFE0500FCF4C0;
			remoteInfo = ARDWM;
		};
		78A3867B1CCDFE0500FCF4C0 /* PBXContainerItemProxy */ = {
			isa = PBXContainerItemProxy;
			containerPortal = 78A386531CCDFE0500FCF4C0 /* Project object */;
			proxyType = 1;
			remoteGlobalIDString = 78A3865A1CCDFE0500FCF4C0;
			remoteInfo = ARDWM;
		};
/* End PBXContainerItemProxy section */

/* Begin PBXFileReference section */
		78A3865B1CCDFE0500FCF4C0 /* ARDWM.app */ = {isa = PBXFileReference; explicitFileType = wrapper.application; includeInIndex = 0; path = ARDWM.app; sourceTree = BUILT_PRODUCTS_DIR; };
		78A3865E1CCDFE0500FCF4C0 /* AppDelegate.swift */ = {isa = PBXFileReference; lastKnownFileType = sourcecode.swift; path = AppDelegate.swift; sourceTree = "<group>"; };
		78A386601CCDFE0500FCF4C0 /* ViewController.swift */ = {isa = PBXFileReference; lastKnownFileType = sourcecode.swift; path = ViewController.swift; sourceTree = "<group>"; };
		78A386631CCDFE0500FCF4C0 /* Base */ = {isa = PBXFileReference; lastKnownFileType = file.storyboard; name = Base; path = Base.lproj/Main.storyboard; sourceTree = "<group>"; };
		78A386651CCDFE0500FCF4C0 /* Assets.xcassets */ = {isa = PBXFileReference; lastKnownFileType = folder.assetcatalog; path = Assets.xcassets; sourceTree = "<group>"; };
		78A386681CCDFE0500FCF4C0 /* Base */ = {isa = PBXFileReference; lastKnownFileType = file.storyboard; name = Base; path = Base.lproj/LaunchScreen.storyboard; sourceTree = "<group>"; };
		78A3866A1CCDFE0500FCF4C0 /* Info.plist */ = {isa = PBXFileReference; lastKnownFileType = text.plist.xml; path = Info.plist; sourceTree = "<group>"; };
		78A3866F1CCDFE0500FCF4C0 /* ARDWMTests.xctest */ = {isa = PBXFileReference; explicitFileType = wrapper.cfbundle; includeInIndex = 0; path = ARDWMTests.xctest; sourceTree = BUILT_PRODUCTS_DIR; };
		78A386731CCDFE0500FCF4C0 /* ARDWMTests.swift */ = {isa = PBXFileReference; lastKnownFileType = sourcecode.swift; path = ARDWMTests.swift; sourceTree = "<group>"; };
		78A386751CCDFE0500FCF4C0 /* Info.plist */ = {isa = PBXFileReference; lastKnownFileType = text.plist.xml; path = Info.plist; sourceTree = "<group>"; };
		78A3867A1CCDFE0500FCF4C0 /* ARDWMUITests.xctest */ = {isa = PBXFileReference; explicitFileType = wrapper.cfbundle; includeInIndex = 0; path = ARDWMUITests.xctest; sourceTree = BUILT_PRODUCTS_DIR; };
		78A3867E1CCDFE0500FCF4C0 /* ARDWMUITests.swift */ = {isa = PBXFileReference; lastKnownFileType = sourcecode.swift; path = ARDWMUITests.swift; sourceTree = "<group>"; };
		78A386801CCDFE0500FCF4C0 /* Info.plist */ = {isa = PBXFileReference; lastKnownFileType = text.plist.xml; path = Info.plist; sourceTree = "<group>"; };
/* End PBXFileReference section */

/* Begin PBXFrameworksBuildPhase section */
		78A386581CCDFE0500FCF4C0 /* Frameworks */ = {
			isa = PBXFrameworksBuildPhase;
			buildActionMask = 2147483647;
			files = (
			);
			runOnlyForDeploymentPostprocessing = 0;
		};
		78A3866C1CCDFE0500FCF4C0 /* Frameworks */ = {
			isa = PBXFrameworksBuildPhase;
			buildActionMask = 2147483647;
			files = (
			);
			runOnlyForDeploymentPostprocessing = 0;
		};
		78A386771CCDFE0500FCF4C0 /* Frameworks */ = {
			isa = PBXFrameworksBuildPhase;
			buildActionMask = 2147483647;
			files = (
			);
			runOnlyForDeploymentPostprocessing = 0;
		};
/* End PBXFrameworksBuildPhase section */

/* Begin PBXGroup section */
		78A386521CCDFE0500FCF4C0 = {
			isa = PBXGroup;
			children = (
				78A3865D1CCDFE0500FCF4C0 /* ARDWM */,
				78A386721CCDFE0500FCF4C0 /* ARDWMTests */,
				78A3867D1CCDFE0500FCF4C0 /* ARDWMUITests */,
				78A3865C1CCDFE0500FCF4C0 /* Products */,
			);
			sourceTree = "<group>";
		};
		78A3865C1CCDFE0500FCF4C0 /* Products */ = {
			isa = PBXGroup;
			children = (
				78A3865B1CCDFE0500FCF4C0 /* ARDWM.app */,
				78A3866F1CCDFE0500FCF4C0 /* ARDWMTests.xctest */,
				78A3867A1CCDFE0500FCF4C0 /* ARDWMUITests.xctest */,
			);
			name = Products;
			sourceTree = "<group>";
		};
		78A3865D1CCDFE0500FCF4C0 /* ARDWM */ = {
			isa = PBXGroup;
			children = (
				78A3865E1CCDFE0500FCF4C0 /* AppDelegate.swift */,
				78A386601CCDFE0500FCF4C0 /* ViewController.swift */,
				78A386621CCDFE0500FCF4C0 /* Main.storyboard */,
				78A386651CCDFE0500FCF4C0 /* Assets.xcassets */,
				78A386671CCDFE0500FCF4C0 /* LaunchScreen.storyboard */,
				78A3866A1CCDFE0500FCF4C0 /* Info.plist */,
			);
			path = ARDWM;
			sourceTree = "<group>";
		};
		78A386721CCDFE0500FCF4C0 /* ARDWMTests */ = {
			isa = PBXGroup;
			children = (
				78A386731CCDFE0500FCF4C0 /* ARDWMTests.swift */,
				78A386751CCDFE0500FCF4C0 /* Info.plist */,
			);
			path = ARDWMTests;
			sourceTree = "<group>";
		};
		78A3867D1CCDFE0500FCF4C0 /* ARDWMUITests */ = {
			isa = PBXGroup;
			children = (
				78A3867E1CCDFE0500FCF4C0 /* ARDWMUITests.swift */,
				78A386801CCDFE0500FCF4C0 /* Info.plist */,
			);
			path = ARDWMUITests;
			sourceTree = "<group>";
		};
/* End PBXGroup section */

/* Begin PBXNativeTarget section */
		78A3865A1CCDFE0500FCF4C0 /* ARDWM */ = {
			isa = PBXNativeTarget;
			buildConfigurationList = 78A386831CCDFE0500FCF4C0 /* Build configuration list for PBXNativeTarget "ARDWM" */;
			buildPhases = (
				78A386571CCDFE0500FCF4C0 /* Sources */,
				78A386581CCDFE0500FCF4C0 /* Frameworks */,
				78A386591CCDFE0500FCF4C0 /* Resources */,
			);
			buildRules = (
			);
			dependencies = (
			);
			name = ARDWM;
			productName = ARDWM;
			productReference = 78A3865B1CCDFE0500FCF4C0 /* ARDWM.app */;
			productType = "com.apple.product-type.application";
		};
		78A3866E1CCDFE0500FCF4C0 /* ARDWMTests */ = {
			isa = PBXNativeTarget;
			buildConfigurationList = 78A386861CCDFE0500FCF4C0 /* Build configuration list for PBXNativeTarget "ARDWMTests" */;
			buildPhases = (
				78A3866B1CCDFE0500FCF4C0 /* Sources */,
				78A3866C1CCDFE0500FCF4C0 /* Frameworks */,
				78A3866D1CCDFE0500FCF4C0 /* Resources */,
			);
			buildRules = (
			);
			dependencies = (
				78A386711CCDFE0500FCF4C0 /* PBXTargetDependency */,
			);
			name = ARDWMTests;
			productName = ARDWMTests;
			productReference = 78A3866F1CCDFE0500FCF4C0 /* ARDWMTests.xctest */;
			productType = "com.apple.product-type.bundle.unit-test";
		};
		78A386791CCDFE0500FCF4C0 /* ARDWMUITests */ = {
			isa = PBXNativeTarget;
			buildConfigurationList = 78A386891CCDFE0500FCF4C0 /* Build configuration list for PBXNativeTarget "ARDWMUITests" */;
			buildPhases = (
				78A386761CCDFE0500FCF4C0 /* Sources */,
				78A386771CCDFE0500FCF4C0 /* Frameworks */,
				78A386781CCDFE0500FCF4C0 /* Resources */,
			);
			buildRules = (
			);
			dependencies = (
				78A3867C1CCDFE0500FCF4C0 /* PBXTargetDependency */,
			);
			name = ARDWMUITests;
			productName = ARDWMUITests;
			productReference = 78A3867A1CCDFE0500FCF4C0 /* ARDWMUITests.xctest */;
			productType = "com.apple.product-type.bundle.ui-testing";
		};
/* End PBXNativeTarget section */

/* Begin PBXProject section */
		78A386531CCDFE0500FCF4C0 /* Project object */ = {
			isa = PBXProject;
			attributes = {
				LastSwiftUpdateCheck = 0730;
				LastUpgradeCheck = 0730;
				ORGANIZATIONNAME = Uday;
				TargetAttributes = {
					78A3865A1CCDFE0500FCF4C0 = {
						CreatedOnToolsVersion = 7.3;
					};
					78A3866E1CCDFE0500FCF4C0 = {
						CreatedOnToolsVersion = 7.3;
						TestTargetID = 78A3865A1CCDFE0500FCF4C0;
					};
					78A386791CCDFE0500FCF4C0 = {
						CreatedOnToolsVersion = 7.3;
						TestTargetID = 78A3865A1CCDFE0500FCF4C0;
					};
				};
			};
			buildConfigurationList = 78A386561CCDFE0500FCF4C0 /* Build configuration list for PBXProject "ARDWM" */;
			compatibilityVersion = "Xcode 3.2";
			developmentRegion = English;
			hasScannedForEncodings = 0;
			knownRegions = (
				en,
				Base,
			);
			mainGroup = 78A386521CCDFE0500FCF4C0;
			productRefGroup = 78A3865C1CCDFE0500FCF4C0 /* Products */;
			projectDirPath = "";
			projectRoot = "";
			targets = (
				78A3865A1CCDFE0500FCF4C0 /* ARDWM */,
				78A3866E1CCDFE0500FCF4C0 /* ARDWMTests */,
				78A386791CCDFE0500FCF4C0 /* ARDWMUITests */,
			);
		};
/* End PBXProject section */

/* Begin PBXResourcesBuildPhase section */
		78A386591CCDFE0500FCF4C0 /* Resources */ = {
			isa = PBXResourcesBuildPhase;
			buildActionMask = 2147483647;
			files = (
				78A386691CCDFE0500FCF4C0 /* LaunchScreen.storyboard in Resources */,
				78A386661CCDFE0500FCF4C0 /* Assets.xcassets in Resources */,
				78A386641CCDFE0500FCF4C0 /* Main.storyboard in Resources */,
			);
			runOnlyForDeploymentPostprocessing = 0;
		};
		78A3866D1CCDFE0500FCF4C0 /* Resources */ = {
			isa = PBXResourcesBuildPhase;
			buildActionMask = 2147483647;
			files = (
			);
			runOnlyForDeploymentPostprocessing = 0;
		};
		78A386781CCDFE0500FCF4C0 /* Resources */ = {
			isa = PBXResourcesBuildPhase;
			buildActionMask = 2147483647;
			files = (
			);
			runOnlyForDeploymentPostprocessing = 0;
		};
/* End PBXResourcesBuildPhase section */

/* Begin PBXSourcesBuildPhase section */
		78A386571CCDFE0500FCF4C0 /* Sources */ = {
			isa = PBXSourcesBuildPhase;
			buildActionMask = 2147483647;
			files = (
				78A386611CCDFE0500FCF4C0 /* ViewController.swift in Sources */,
				78A3865F1CCDFE0500FCF4C0 /* AppDelegate.swift in Sources */,
			);
			runOnlyForDeploymentPostprocessing = 0;
		};
		78A3866B1CCDFE0500FCF4C0 /* Sources */ = {
			isa = PBXSourcesBuildPhase;
			buildActionMask = 2147483647;
			files = (
				78A386741CCDFE0500FCF4C0 /* ARDWMTests.swift in Sources */,
			);
			runOnlyForDeploymentPostprocessing = 0;
		};
		78A386761CCDFE0500FCF4C0 /* Sources */ = {
			isa = PBXSourcesBuildPhase;
			buildActionMask = 2147483647;
			files = (
				78A3867F1CCDFE0500FCF4C0 /* ARDWMUITests.swift in Sources */,
			);
			runOnlyForDeploymentPostprocessing = 0;
		};
/* End PBXSourcesBuildPhase section */

/* Begin PBXTargetDependency section */
		78A386711CCDFE0500FCF4C0 /* PBXTargetDependency */ = {
			isa = PBXTargetDependency;
			target = 78A3865A1CCDFE0500FCF4C0 /* ARDWM */;
			targetProxy = 78A386701CCDFE0500FCF4C0 /* PBXContainerItemProxy */;
		};
		78A3867C1CCDFE0500FCF4C0 /* PBXTargetDependency */ = {
			isa = PBXTargetDependency;
			target = 78A3865A1CCDFE0500FCF4C0 /* ARDWM */;
			targetProxy = 78A3867B1CCDFE0500FCF4C0 /* PBXContainerItemProxy */;
		};
/* End PBXTargetDependency section */

/* Begin PBXVariantGroup section */
		78A386621CCDFE0500FCF4C0 /* Main.storyboard */ = {
			isa = PBXVariantGroup;
			children = (
				78A386631CCDFE0500FCF4C0 /* Base */,
			);
			name = Main.storyboard;
			sourceTree = "<group>";
		};
		78A386671CCDFE0500FCF4C0 /* LaunchScreen.storyboard */ = {
			isa = PBXVariantGroup;
			children = (
				78A386681CCDFE0500FCF4C0 /* Base */,
			);
			name = LaunchScreen.storyboard;
			sourceTree = "<group>";
		};
/* End PBXVariantGroup section */

/* Begin XCBuildConfiguration section */
		78A386811CCDFE0500FCF4C0 /* Debug */ = {
			isa = XCBuildConfiguration;
			buildSettings = {
				ALWAYS_SEARCH_USER_PATHS = NO;
				CLANG_ANALYZER_NONNULL = YES;
				CLANG_CXX_LANGUAGE_STANDARD = "gnu++0x";
				CLANG_CXX_LIBRARY = "libc++";
				CLANG_ENABLE_MODULES = YES;
				CLANG_ENABLE_OBJC_ARC = YES;
				CLANG_WARN_BOOL_CONVERSION = YES;
				CLANG_WARN_CONSTANT_CONVERSION = YES;
				CLANG_WARN_DIRECT_OBJC_ISA_USAGE = YES_ERROR;
				CLANG_WARN_EMPTY_BODY = YES;
				CLANG_WARN_ENUM_CONVERSION = YES;
				CLANG_WARN_INT_CONVERSION = YES;
				CLANG_WARN_OBJC_ROOT_CLASS = YES_ERROR;
				CLANG_WARN_UNREACHABLE_CODE = YES;
				CLANG_WARN__DUPLICATE_METHOD_MATCH = YES;
				"CODE_SIGN_IDENTITY[sdk=iphoneos*]" = "iPhone Developer";
				COPY_PHASE_STRIP = NO;
				DEBUG_INFORMATION_FORMAT = dwarf;
				ENABLE_STRICT_OBJC_MSGSEND = YES;
				ENABLE_TESTABILITY = YES;
				GCC_C_LANGUAGE_STANDARD = gnu99;
				GCC_DYNAMIC_NO_PIC = NO;
				GCC_NO_COMMON_BLOCKS = YES;
				GCC_OPTIMIZATION_LEVEL = 0;
				GCC_PREPROCESSOR_DEFINITIONS = (
					"DEBUG=1",
					"$(inherited)",
				);
				GCC_WARN_64_TO_32_BIT_CONVERSION = YES;
				GCC_WARN_ABOUT_RETURN_TYPE = YES_ERROR;
				GCC_WARN_UNDECLARED_SELECTOR = YES;
				GCC_WARN_UNINITIALIZED_AUTOS = YES_AGGRESSIVE;
				GCC_WARN_UNUSED_FUNCTION = YES;
				GCC_WARN_UNUSED_VARIABLE = YES;
				IPHONEOS_DEPLOYMENT_TARGET = 9.3;
				MTL_ENABLE_DEBUG_INFO = YES;
				ONLY_ACTIVE_ARCH = YES;
				SDKROOT = iphoneos;
				SWIFT_OPTIMIZATION_LEVEL = "-Onone";
			};
			name = Debug;
		};
		78A386821CCDFE0500FCF4C0 /* Release */ = {
			isa = XCBuildConfiguration;
			buildSettings = {
				ALWAYS_SEARCH_USER_PATHS = NO;
				CLANG_ANALYZER_NONNULL = YES;
				CLANG_CXX_LANGUAGE_STANDARD = "gnu++0x";
				CLANG_CXX_LIBRARY = "libc++";
				CLANG_ENABLE_MODULES = YES;
				CLANG_ENABLE_OBJC_ARC = YES;
				CLANG_WARN_BOOL_CONVERSION = YES;
				CLANG_WARN_CONSTANT_CONVERSION = YES;
				CLANG_WARN_DIRECT_OBJC_ISA_USAGE = YES_ERROR;
				CLANG_WARN_EMPTY_BODY = YES;
				CLANG_WARN_ENUM_CONVERSION = YES;
				CLANG_WARN_INT_CONVERSION = YES;
				CLANG_WARN_OBJC_ROOT_CLASS = YES_ERROR;
				CLANG_WARN_UNREACHABLE_CODE = YES;
				CLANG_WARN__DUPLICATE_METHOD_MATCH = YES;
				"CODE_SIGN_IDENTITY[sdk=iphoneos*]" = "iPhone Developer";
				COPY_PHASE_STRIP = NO;
				DEBUG_INFORMATION_FORMAT = "dwarf-with-dsym";
				ENABLE_NS_ASSERTIONS = NO;
				ENABLE_STRICT_OBJC_MSGSEND = YES;
				GCC_C_LANGUAGE_STANDARD = gnu99;
				GCC_NO_COMMON_BLOCKS = YES;
				GCC_WARN_64_TO_32_BIT_CONVERSION = YES;
				GCC_WARN_ABOUT_RETURN_TYPE = YES_ERROR;
				GCC_WARN_UNDECLARED_SELECTOR = YES;
				GCC_WARN_UNINITIALIZED_AUTOS = YES_AGGRESSIVE;
				GCC_WARN_UNUSED_FUNCTION = YES;
				GCC_WARN_UNUSED_VARIABLE = YES;
				IPHONEOS_DEPLOYMENT_TARGET = 9.3;
				MTL_ENABLE_DEBUG_INFO = NO;
				SDKROOT = iphoneos;
				VALIDATE_PRODUCT = YES;
			};
			name = Release;
		};
		78A386841CCDFE0500FCF4C0 /* Debug */ = {
			isa = XCBuildConfiguration;
			buildSettings = {
				ASSETCATALOG_COMPILER_APPICON_NAME = AppIcon;
				INFOPLIST_FILE = ARDWM/Info.plist;
				LD_RUNPATH_SEARCH_PATHS = "$(inherited) @executable_path/Frameworks";
				PRODUCT_BUNDLE_IDENTIFIER = Ceredencys.ARDWM;
				PRODUCT_NAME = "$(TARGET_NAME)";
			};
			name = Debug;
		};
		78A386851CCDFE0500FCF4C0 /* Release */ = {
			isa = XCBuildConfiguration;
			buildSettings = {
				ASSETCATALOG_COMPILER_APPICON_NAME = AppIcon;
				INFOPLIST_FILE = ARDWM/Info.plist;
				LD_RUNPATH_SEARCH_PATHS = "$(inherited) @executable_path/Frameworks";
				PRODUCT_BUNDLE_IDENTIFIER = Ceredencys.ARDWM;
				PRODUCT_NAME = "$(TARGET_NAME)";
			};
			name = Release;
		};
		78A386871CCDFE0500FCF4C0 /* Debug */ = {
			isa = XCBuildConfiguration;
			buildSettings = {
				BUNDLE_LOADER = "$(TEST_HOST)";
				INFOPLIST_FILE = ARDWMTests/Info.plist;
				LD_RUNPATH_SEARCH_PATHS = "$(inherited) @executable_path/Frameworks @loader_path/Frameworks";
				PRODUCT_BUNDLE_IDENTIFIER = Ceredencys.ARDWMTests;
				PRODUCT_NAME = "$(TARGET_NAME)";
				TEST_HOST = "$(BUILT_PRODUCTS_DIR)/ARDWM.app/ARDWM";
			};
			name = Debug;
		};
		78A386881CCDFE0500FCF4C0 /* Release */ = {
			isa = XCBuildConfiguration;
			buildSettings = {
				BUNDLE_LOADER = "$(TEST_HOST)";
				INFOPLIST_FILE = ARDWMTests/Info.plist;
				LD_RUNPATH_SEARCH_PATHS = "$(inherited) @executable_path/Frameworks @loader_path/Frameworks";
				PRODUCT_BUNDLE_IDENTIFIER = Ceredencys.ARDWMTests;
				PRODUCT_NAME = "$(TARGET_NAME)";
				TEST_HOST = "$(BUILT_PRODUCTS_DIR)/ARDWM.app/ARDWM";
			};
			name = Release;
		};
		78A3868A1CCDFE0500FCF4C0 /* Debug */ = {
			isa = XCBuildConfiguration;
			buildSettings = {
				INFOPLIST_FILE = ARDWMUITests/Info.plist;
				LD_RUNPATH_SEARCH_PATHS = "$(inherited) @executable_path/Frameworks @loader_path/Frameworks";
				PRODUCT_BUNDLE_IDENTIFIER = Ceredencys.ARDWMUITests;
				PRODUCT_NAME = "$(TARGET_NAME)";
				TEST_TARGET_NAME = ARDWM;
			};
			name = Debug;
		};
		78A3868B1CCDFE0500FCF4C0 /* Release */ = {
			isa = XCBuildConfiguration;
			buildSettings = {
				INFOPLIST_FILE = ARDWMUITests/Info.plist;
				LD_RUNPATH_SEARCH_PATHS = "$(inherited) @executable_path/Frameworks @loader_path/Frameworks";
				PRODUCT_BUNDLE_IDENTIFIER = Ceredencys.ARDWMUITests;
				PRODUCT_NAME = "$(TARGET_NAME)";
				TEST_TARGET_NAME = ARDWM;
			};
			name = Release;
		};
/* End XCBuildConfiguration section */

/* Begin XCConfigurationList section */
		78A386561CCDFE0500FCF4C0 /* Build configuration list for PBXProject "ARDWM" */ = {
			isa = XCConfigurationList;
			buildConfigurations = (
				78A386811CCDFE0500FCF4C0 /* Debug */,
				78A386821CCDFE0500FCF4C0 /* Release */,
			);
			defaultConfigurationIsVisible = 0;
			defaultConfigurationName = Release;
		};
		78A386831CCDFE0500FCF4C0 /* Build configuration list for PBXNativeTarget "ARDWM" */ = {
			isa = XCConfigurationList;
			buildConfigurations = (
				78A386841CCDFE0500FCF4C0 /* Debug */,
				78A386851CCDFE0500FCF4C0 /* Release */,
			);
			defaultConfigurationIsVisible = 0;
		};
		78A386861CCDFE0500FCF4C0 /* Build configuration list for PBXNativeTarget "ARDWMTests" */ = {
			isa = XCConfigurationList;
			buildConfigurations = (
				78A386871CCDFE0500FCF4C0 /* Debug */,
				78A386881CCDFE0500FCF4C0 /* Release */,
			);
			defaultConfigurationIsVisible = 0;
		};
		78A386891CCDFE0500FCF4C0 /* Build configuration list for PBXNativeTarget "ARDWMUITests" */ = {
			isa = XCConfigurationList;
			buildConfigurations = (
				78A3868A1CCDFE0500FCF4C0 /* Debug */,
				78A3868B1CCDFE0500FCF4C0 /* Release */,
			);
			defaultConfigurationIsVisible = 0;
		};
/* End XCConfigurationList section */
	};
	rootObject = 78A386531CCDFE0500FCF4C0 /* Project object */;
}
